// !$*UTF8*$!
{
	archiveVersion = 1;
	classes = {
	};
	objectVersion = 46;
	objects = {

/* Begin PBXBuildFile section */
		5644CA1D1C7A796F009D6B56 /* AppDelegate.swift in Sources */ = {isa = PBXBuildFile; fileRef = 5644CA1C1C7A796F009D6B56 /* AppDelegate.swift */; };
		5644CA1F1C7A796F009D6B56 /* ViewController.swift in Sources */ = {isa = PBXBuildFile; fileRef = 5644CA1E1C7A796F009D6B56 /* ViewController.swift */; };
		5644CA221C7A796F009D6B56 /* Main.storyboard in Resources */ = {isa = PBXBuildFile; fileRef = 5644CA201C7A796F009D6B56 /* Main.storyboard */; };
		5644CA251C7A796F009D6B56 /* MusicPlayer.xcdatamodeld in Sources */ = {isa = PBXBuildFile; fileRef = 5644CA231C7A796F009D6B56 /* MusicPlayer.xcdatamodeld */; };
		5644CA271C7A7970009D6B56 /* Assets.xcassets in Resources */ = {isa = PBXBuildFile; fileRef = 5644CA261C7A7970009D6B56 /* Assets.xcassets */; };
		5644CA2A1C7A7970009D6B56 /* LaunchScreen.storyboard in Resources */ = {isa = PBXBuildFile; fileRef = 5644CA281C7A7970009D6B56 /* LaunchScreen.storyboard */; };
		5644CA411C7A84CC009D6B56 /* a-corazon-abierto.jpg in Resources */ = {isa = PBXBuildFile; fileRef = 5644CA401C7A84CC009D6B56 /* a-corazon-abierto.jpg */; };
		5644CA461C7A85E9009D6B56 /* de-viaje.jpg in Resources */ = {isa = PBXBuildFile; fileRef = 5644CA421C7A85E9009D6B56 /* de-viaje.jpg */; };
		5644CA471C7A85E9009D6B56 /* imagine.jpg in Resources */ = {isa = PBXBuildFile; fileRef = 5644CA431C7A85E9009D6B56 /* imagine.jpg */; };
		5644CA481C7A85E9009D6B56 /* la-linea.jpg in Resources */ = {isa = PBXBuildFile; fileRef = 5644CA441C7A85E9009D6B56 /* la-linea.jpg */; };
		5644CA491C7A85E9009D6B56 /* primitive-love.jpg in Resources */ = {isa = PBXBuildFile; fileRef = 5644CA451C7A85E9009D6B56 /* primitive-love.jpg */; };
		5644CA4B1C7A8A13009D6B56 /* Datos.swift in Sources */ = {isa = PBXBuildFile; fileRef = 5644CA4A1C7A8A13009D6B56 /* Datos.swift */; };
		5644CA531C7AA9ED009D6B56 /* Conga.mp3 in Resources */ = {isa = PBXBuildFile; fileRef = 5644CA4E1C7AA9ED009D6B56 /* Conga.mp3 */; };
		5644CA541C7AA9ED009D6B56 /* Imagine.mp3 in Resources */ = {isa = PBXBuildFile; fileRef = 5644CA4F1C7AA9ED009D6B56 /* Imagine.mp3 */; };
		5644CA551C7AA9ED009D6B56 /* Me dedique a perderte.mp3 in Resources */ = {isa = PBXBuildFile; fileRef = 5644CA501C7AA9ED009D6B56 /* Me dedique a perderte.mp3 */; };
		5644CA561C7AA9ED009D6B56 /* Mientes tan bien.mp3 in Resources */ = {isa = PBXBuildFile; fileRef = 5644CA511C7AA9ED009D6B56 /* Mientes tan bien.mp3 */; };
		5644CA571C7AA9ED009D6B56 /* Perhaps perhaps perhaps.mp3 in Resources */ = {isa = PBXBuildFile; fileRef = 5644CA521C7AA9ED009D6B56 /* Perhaps perhaps perhaps.mp3 */; };
/* End PBXBuildFile section */

/* Begin PBXFileReference section */
		5644CA191C7A796F009D6B56 /* MusicPlayer.app */ = {isa = PBXFileReference; explicitFileType = wrapper.application; includeInIndex = 0; path = MusicPlayer.app; sourceTree = BUILT_PRODUCTS_DIR; };
		5644CA1C1C7A796F009D6B56 /* AppDelegate.swift */ = {isa = PBXFileReference; lastKnownFileType = sourcecode.swift; path = AppDelegate.swift; sourceTree = "<group>"; };
		5644CA1E1C7A796F009D6B56 /* ViewController.swift */ = {isa = PBXFileReference; lastKnownFileType = sourcecode.swift; path = ViewController.swift; sourceTree = "<group>"; };
		5644CA211C7A796F009D6B56 /* Base */ = {isa = PBXFileReference; lastKnownFileType = file.storyboard; name = Base; path = Base.lproj/Main.storyboard; sourceTree = "<group>"; };
		5644CA241C7A796F009D6B56 /* MusicPlayer.xcdatamodel */ = {isa = PBXFileReference; lastKnownFileType = wrapper.xcdatamodel; path = MusicPlayer.xcdatamodel; sourceTree = "<group>"; };
		5644CA261C7A7970009D6B56 /* Assets.xcassets */ = {isa = PBXFileReference; lastKnownFileType = folder.assetcatalog; path = Assets.xcassets; sourceTree = "<group>"; };
		5644CA291C7A7970009D6B56 /* Base */ = {isa = PBXFileReference; lastKnownFileType = file.storyboard; name = Base; path = Base.lproj/LaunchScreen.storyboard; sourceTree = "<group>"; };
		5644CA2B1C7A7970009D6B56 /* Info.plist */ = {isa = PBXFileReference; lastKnownFileType = text.plist.xml; path = Info.plist; sourceTree = "<group>"; };
		5644CA401C7A84CC009D6B56 /* a-corazon-abierto.jpg */ = {isa = PBXFileReference; lastKnownFileType = image.jpeg; path = "a-corazon-abierto.jpg"; sourceTree = "<group>"; };
		5644CA421C7A85E9009D6B56 /* de-viaje.jpg */ = {isa = PBXFileReference; lastKnownFileType = image.jpeg; path = "de-viaje.jpg"; sourceTree = "<group>"; };
		5644CA431C7A85E9009D6B56 /* imagine.jpg */ = {isa = PBXFileReference; lastKnownFileType = image.jpeg; path = imagine.jpg; sourceTree = "<group>"; };
		5644CA441C7A85E9009D6B56 /* la-linea.jpg */ = {isa = PBXFileReference; lastKnownFileType = image.jpeg; path = "la-linea.jpg"; sourceTree = "<group>"; };
		5644CA451C7A85E9009D6B56 /* primitive-love.jpg */ = {isa = PBXFileReference; lastKnownFileType = image.jpeg; path = "primitive-love.jpg"; sourceTree = "<group>"; };
		5644CA4A1C7A8A13009D6B56 /* Datos.swift */ = {isa = PBXFileReference; fileEncoding = 4; lastKnownFileType = sourcecode.swift; path = Datos.swift; sourceTree = "<group>"; };
		5644CA4E1C7AA9ED009D6B56 /* Conga.mp3 */ = {isa = PBXFileReference; lastKnownFileType = audio.mp3; path = Conga.mp3; sourceTree = "<group>"; };
		5644CA4F1C7AA9ED009D6B56 /* Imagine.mp3 */ = {isa = PBXFileReference; lastKnownFileType = audio.mp3; path = Imagine.mp3; sourceTree = "<group>"; };
		5644CA501C7AA9ED009D6B56 /* Me dedique a perderte.mp3 */ = {isa = PBXFileReference; lastKnownFileType = audio.mp3; path = "Me dedique a perderte.mp3"; sourceTree = "<group>"; };
		5644CA511C7AA9ED009D6B56 /* Mientes tan bien.mp3 */ = {isa = PBXFileReference; lastKnownFileType = audio.mp3; path = "Mientes tan bien.mp3"; sourceTree = "<group>"; };
		5644CA521C7AA9ED009D6B56 /* Perhaps perhaps perhaps.mp3 */ = {isa = PBXFileReference; lastKnownFileType = audio.mp3; path = "Perhaps perhaps perhaps.mp3"; sourceTree = "<group>"; };
/* End PBXFileReference section */

/* Begin PBXFrameworksBuildPhase section */
		5644CA161C7A796F009D6B56 /* Frameworks */ = {
			isa = PBXFrameworksBuildPhase;
			buildActionMask = 2147483647;
			files = (
			);
			runOnlyForDeploymentPostprocessing = 0;
		};
/* End PBXFrameworksBuildPhase section */

/* Begin PBXGroup section */
		5644CA101C7A796F009D6B56 = {
			isa = PBXGroup;
			children = (
				5644CA1B1C7A796F009D6B56 /* MusicPlayer */,
				5644CA1A1C7A796F009D6B56 /* Products */,
			);
			sourceTree = "<group>";
		};
		5644CA1A1C7A796F009D6B56 /* Products */ = {
			isa = PBXGroup;
			children = (
				5644CA191C7A796F009D6B56 /* MusicPlayer.app */,
			);
			name = Products;
			sourceTree = "<group>";
		};
		5644CA1B1C7A796F009D6B56 /* MusicPlayer */ = {
			isa = PBXGroup;
			children = (
				5644CA4E1C7AA9ED009D6B56 /* Conga.mp3 */,
				5644CA4F1C7AA9ED009D6B56 /* Imagine.mp3 */,
				5644CA501C7AA9ED009D6B56 /* Me dedique a perderte.mp3 */,
				5644CA511C7AA9ED009D6B56 /* Mientes tan bien.mp3 */,
				5644CA521C7AA9ED009D6B56 /* Perhaps perhaps perhaps.mp3 */,
				5644CA1C1C7A796F009D6B56 /* AppDelegate.swift */,
				5644CA1E1C7A796F009D6B56 /* ViewController.swift */,
				5644CA201C7A796F009D6B56 /* Main.storyboard */,
				5644CA261C7A7970009D6B56 /* Assets.xcassets */,
				5644CA401C7A84CC009D6B56 /* a-corazon-abierto.jpg */,
				5644CA421C7A85E9009D6B56 /* de-viaje.jpg */,
				5644CA431C7A85E9009D6B56 /* imagine.jpg */,
				5644CA441C7A85E9009D6B56 /* la-linea.jpg */,
				5644CA451C7A85E9009D6B56 /* primitive-love.jpg */,
				5644CA281C7A7970009D6B56 /* LaunchScreen.storyboard */,
				5644CA2B1C7A7970009D6B56 /* Info.plist */,
				5644CA231C7A796F009D6B56 /* MusicPlayer.xcdatamodeld */,
				5644CA4A1C7A8A13009D6B56 /* Datos.swift */,
			);
			path = MusicPlayer;
			sourceTree = "<group>";
		};
/* End PBXGroup section */

/* Begin PBXNativeTarget section */
		5644CA181C7A796F009D6B56 /* MusicPlayer */ = {
			isa = PBXNativeTarget;
			buildConfigurationList = 5644CA2E1C7A7970009D6B56 /* Build configuration list for PBXNativeTarget "MusicPlayer" */;
			buildPhases = (
				5644CA151C7A796F009D6B56 /* Sources */,
				5644CA161C7A796F009D6B56 /* Frameworks */,
				5644CA171C7A796F009D6B56 /* Resources */,
			);
			buildRules = (
			);
			dependencies = (
			);
			name = MusicPlayer;
			productName = MusicPlayer;
			productReference = 5644CA191C7A796F009D6B56 /* MusicPlayer.app */;
			productType = "com.apple.product-type.application";
		};
/* End PBXNativeTarget section */

/* Begin PBXProject section */
		5644CA111C7A796F009D6B56 /* Project object */ = {
			isa = PBXProject;
			attributes = {
				LastSwiftUpdateCheck = 0720;
				LastUpgradeCheck = 0720;
				ORGANIZATIONNAME = "Gerardo Guerra Pulido";
				TargetAttributes = {
					5644CA181C7A796F009D6B56 = {
						CreatedOnToolsVersion = 7.2.1;
						DevelopmentTeam = 59BP8U82B7;
					};
				};
			};
			buildConfigurationList = 5644CA141C7A796F009D6B56 /* Build configuration list for PBXProject "MusicPlayer" */;
			compatibilityVersion = "Xcode 3.2";
			developmentRegion = English;
			hasScannedForEncodings = 0;
			knownRegions = (
				en,
				Base,
			);
			mainGroup = 5644CA101C7A796F009D6B56;
			productRefGroup = 5644CA1A1C7A796F009D6B56 /* Products */;
			projectDirPath = "";
			projectRoot = "";
			targets = (
				5644CA181C7A796F009D6B56 /* MusicPlayer */,
			);
		};
/* End PBXProject section */

/* Begin PBXResourcesBuildPhase section */
		5644CA171C7A796F009D6B56 /* Resources */ = {
			isa = PBXResourcesBuildPhase;
			buildActionMask = 2147483647;
			files = (
				5644CA491C7A85E9009D6B56 /* primitive-love.jpg in Resources */,
				5644CA2A1C7A7970009D6B56 /* LaunchScreen.storyboard in Resources */,
				5644CA471C7A85E9009D6B56 /* imagine.jpg in Resources */,
				5644CA271C7A7970009D6B56 /* Assets.xcassets in Resources */,
				5644CA561C7AA9ED009D6B56 /* Mientes tan bien.mp3 in Resources */,
				5644CA571C7AA9ED009D6B56 /* Perhaps perhaps perhaps.mp3 in Resources */,
				5644CA481C7A85E9009D6B56 /* la-linea.jpg in Resources */,
				5644CA551C7AA9ED009D6B56 /* Me dedique a perderte.mp3 in Resources */,
				5644CA411C7A84CC009D6B56 /* a-corazon-abierto.jpg in Resources */,
				5644CA461C7A85E9009D6B56 /* de-viaje.jpg in Resources */,
				5644CA541C7AA9ED009D6B56 /* Imagine.mp3 in Resources */,
				5644CA531C7AA9ED009D6B56 /* Conga.mp3 in Resources */,
				5644CA221C7A796F009D6B56 /* Main.storyboard in Resources */,
			);
			runOnlyForDeploymentPostprocessing = 0;
		};
/* End PBXResourcesBuildPhase section */

/* Begin PBXSourcesBuildPhase section */
		5644CA151C7A796F009D6B56 /* Sources */ = {
			isa = PBXSourcesBuildPhase;
			buildActionMask = 2147483647;
			files = (
				5644CA1F1C7A796F009D6B56 /* ViewController.swift in Sources */,
				5644CA4B1C7A8A13009D6B56 /* Datos.swift in Sources */,
				5644CA251C7A796F009D6B56 /* MusicPlayer.xcdatamodeld in Sources */,
				5644CA1D1C7A796F009D6B56 /* AppDelegate.swift in Sources */,
			);
			runOnlyForDeploymentPostprocessing = 0;
		};
/* End PBXSourcesBuildPhase section */

/* Begin PBXVariantGroup section */
		5644CA201C7A796F009D6B56 /* Main.storyboard */ = {
			isa = PBXVariantGroup;
			children = (
				5644CA211C7A796F009D6B56 /* Base */,
			);
			name = Main.storyboard;
			sourceTree = "<group>";
		};
		5644CA281C7A7970009D6B56 /* LaunchScreen.storyboard */ = {
			isa = PBXVariantGroup;
			children = (
				5644CA291C7A7970009D6B56 /* Base */,
			);
			name = LaunchScreen.storyboard;
			sourceTree = "<group>";
		};
/* End PBXVariantGroup section */

/* Begin XCBuildConfiguration section */
		5644CA2C1C7A7970009D6B56 /* Debug */ = {
			isa = XCBuildConfiguration;
			buildSettings = {
				ALWAYS_SEARCH_USER_PATHS = NO;
				CLANG_CXX_LANGUAGE_STANDARD = "gnu++0x";
				CLANG_CXX_LIBRARY = "libc++";
				CLANG_ENABLE_MODULES = YES;
				CLANG_ENABLE_OBJC_ARC = YES;
				CLANG_WARN_BOOL_CONVERSION = YES;
				CLANG_WARN_CONSTANT_CONVERSION = YES;
				CLANG_WARN_DIRECT_OBJC_ISA_USAGE = YES_ERROR;
				CLANG_WARN_EMPTY_BODY = YES;
				CLANG_WARN_ENUM_CONVERSION = YES;
				CLANG_WARN_INT_CONVERSION = YES;
				CLANG_WARN_OBJC_ROOT_CLASS = YES_ERROR;
				CLANG_WARN_UNREACHABLE_CODE = YES;
				CLANG_WARN__DUPLICATE_METHOD_MATCH = YES;
				"CODE_SIGN_IDENTITY[sdk=iphoneos*]" = "iPhone Developer";
				COPY_PHASE_STRIP = NO;
				DEBUG_INFORMATION_FORMAT = dwarf;
				ENABLE_STRICT_OBJC_MSGSEND = YES;
				ENABLE_TESTABILITY = YES;
				GCC_C_LANGUAGE_STANDARD = gnu99;
				GCC_DYNAMIC_NO_PIC = NO;
				GCC_NO_COMMON_BLOCKS = YES;
				GCC_OPTIMIZATION_LEVEL = 0;
				GCC_PREPROCESSOR_DEFINITIONS = (
					"DEBUG=1",
					"$(inherited)",
				);
				GCC_WARN_64_TO_32_BIT_CONVERSION = YES;
				GCC_WARN_ABOUT_RETURN_TYPE = YES_ERROR;
				GCC_WARN_UNDECLARED_SELECTOR = YES;
				GCC_WARN_UNINITIALIZED_AUTOS = YES_AGGRESSIVE;
				GCC_WARN_UNUSED_FUNCTION = YES;
				GCC_WARN_UNUSED_VARIABLE = YES;
				IPHONEOS_DEPLOYMENT_TARGET = 9.2;
				MTL_ENABLE_DEBUG_INFO = YES;
				ONLY_ACTIVE_ARCH = YES;
				SDKROOT = iphoneos;
				SWIFT_OPTIMIZATION_LEVEL = "-Onone";
			};
			name = Debug;
		};
		5644CA2D1C7A7970009D6B56 /* Release */ = {
			isa = XCBuildConfiguration;
			buildSettings = {
				ALWAYS_SEARCH_USER_PATHS = NO;
				CLANG_CXX_LANGUAGE_STANDARD = "gnu++0x";
				CLANG_CXX_LIBRARY = "libc++";
				CLANG_ENABLE_MODULES = YES;
				CLANG_ENABLE_OBJC_ARC = YES;
				CLANG_WARN_BOOL_CONVERSION = YES;
				CLANG_WARN_CONSTANT_CONVERSION = YES;
				CLANG_WARN_DIRECT_OBJC_ISA_USAGE = YES_ERROR;
				CLANG_WARN_EMPTY_BODY = YES;
				CLANG_WARN_ENUM_CONVERSION = YES;
				CLANG_WARN_INT_CONVERSION = YES;
				CLANG_WARN_OBJC_ROOT_CLASS = YES_ERROR;
				CLANG_WARN_UNREACHABLE_CODE = YES;
				CLANG_WARN__DUPLICATE_METHOD_MATCH = YES;
				"CODE_SIGN_IDENTITY[sdk=iphoneos*]" = "iPhone Developer";
				COPY_PHASE_STRIP = NO;
				DEBUG_INFORMATION_FORMAT = "dwarf-with-dsym";
				ENABLE_NS_ASSERTIONS = NO;
				ENABLE_STRICT_OBJC_MSGSEND = YES;
				GCC_C_LANGUAGE_STANDARD = gnu99;
				GCC_NO_COMMON_BLOCKS = YES;
				GCC_WARN_64_TO_32_BIT_CONVERSION = YES;
				GCC_WARN_ABOUT_RETURN_TYPE = YES_ERROR;
				GCC_WARN_UNDECLARED_SELECTOR = YES;
				GCC_WARN_UNINITIALIZED_AUTOS = YES_AGGRESSIVE;
				GCC_WARN_UNUSED_FUNCTION = YES;
				GCC_WARN_UNUSED_VARIABLE = YES;
				IPHONEOS_DEPLOYMENT_TARGET = 9.2;
				MTL_ENABLE_DEBUG_INFO = NO;
				SDKROOT = iphoneos;
				VALIDATE_PRODUCT = YES;
			};
			name = Release;
		};
		5644CA2F1C7A7970009D6B56 /* Debug */ = {
			isa = XCBuildConfiguration;
			buildSettings = {
				ASSETCATALOG_COMPILER_APPICON_NAME = AppIcon;
				INFOPLIST_FILE = MusicPlayer/Info.plist;
				LD_RUNPATH_SEARCH_PATHS = "$(inherited) @executable_path/Frameworks";
				PRODUCT_BUNDLE_IDENTIFIER = mx.itesm.MusicPlayer;
				PRODUCT_NAME = "$(TARGET_NAME)";
			};
			name = Debug;
		};
		5644CA301C7A7970009D6B56 /* Release */ = {
			isa = XCBuildConfiguration;
			buildSettings = {
				ASSETCATALOG_COMPILER_APPICON_NAME = AppIcon;
				INFOPLIST_FILE = MusicPlayer/Info.plist;
				LD_RUNPATH_SEARCH_PATHS = "$(inherited) @executable_path/Frameworks";
				PRODUCT_BUNDLE_IDENTIFIER = mx.itesm.MusicPlayer;
				PRODUCT_NAME = "$(TARGET_NAME)";
			};
			name = Release;
		};
/* End XCBuildConfiguration section */

/* Begin XCConfigurationList section */
		5644CA141C7A796F009D6B56 /* Build configuration list for PBXProject "MusicPlayer" */ = {
			isa = XCConfigurationList;
			buildConfigurations = (
				5644CA2C1C7A7970009D6B56 /* Debug */,
				5644CA2D1C7A7970009D6B56 /* Release */,
			);
			defaultConfigurationIsVisible = 0;
			defaultConfigurationName = Release;
		};
		5644CA2E1C7A7970009D6B56 /* Build configuration list for PBXNativeTarget "MusicPlayer" */ = {
			isa = XCConfigurationList;
			buildConfigurations = (
				5644CA2F1C7A7970009D6B56 /* Debug */,
				5644CA301C7A7970009D6B56 /* Release */,
			);
			defaultConfigurationIsVisible = 0;
		};
/* End XCConfigurationList section */

/* Begin XCVersionGroup section */
		5644CA231C7A796F009D6B56 /* MusicPlayer.xcdatamodeld */ = {
			isa = XCVersionGroup;
			children = (
				5644CA241C7A796F009D6B56 /* MusicPlayer.xcdatamodel */,
			);
			currentVersion = 5644CA241C7A796F009D6B56 /* MusicPlayer.xcdatamodel */;
			path = MusicPlayer.xcdatamodeld;
			sourceTree = "<group>";
			versionGroupType = wrapper.xcdatamodel;
		};
/* End XCVersionGroup section */
	};
	rootObject = 5644CA111C7A796F009D6B56 /* Project object */;
}
